
Microsoft Visual Studio Solution File, Format Version 12.00
# Visual Studio Version 16
VisualStudioVersion = 16.0.29418.71
MinimumVisualStudioVersion = 10.0.40219.1
Project("{9A19103F-16F7-4668-BE54-9A1E7A4F7556}") = "CFA.Services", "CFA.Services\CFA.Services.csproj", "{6005E003-2000-4A53-A82A-0ED2EA6E1D6A}"
EndProject
Project("{FAE04EC0-301F-11D3-BF4B-00C04F79EFBC}") = "CFA.API", "CFA.API\CFA.API.csproj", "{9C2CF870-F4A3-4614-8F3F-727605E3B1A6}"
EndProject
Project("{FAE04EC0-301F-11D3-BF4B-00C04F79EFBC}") = "CFA.API.Tests", "CFA.API.Tests\CFA.API.Tests.csproj", "{99AC19F8-6599-4522-B69E-33B506268CB6}"
EndProject
Global
	GlobalSection(SolutionConfigurationPlatforms) = preSolution
		Debug|Any CPU = Debug|Any CPU
		Release|Any CPU = Release|Any CPU
	EndGlobalSection
	GlobalSection(ProjectConfigurationPlatforms) = postSolution
		{6005E003-2000-4A53-A82A-0ED2EA6E1D6A}.Debug|Any CPU.ActiveCfg = Debug|Any CPU
		{6005E003-2000-4A53-A82A-0ED2EA6E1D6A}.Debug|Any CPU.Build.0 = Debug|Any CPU
		{6005E003-2000-4A53-A82A-0ED2EA6E1D6A}.Release|Any CPU.ActiveCfg = Release|Any CPU
		{6005E003-2000-4A53-A82A-0ED2EA6E1D6A}.Release|Any CPU.Build.0 = Release|Any CPU
		{9C2CF870-F4A3-4614-8F3F-727605E3B1A6}.Debug|Any CPU.ActiveCfg = Debug|Any CPU
		{9C2CF870-F4A3-4614-8F3F-727605E3B1A6}.Debug|Any CPU.Build.0 = Debug|Any CPU
		{9C2CF870-F4A3-4614-8F3F-727605E3B1A6}.Release|Any CPU.ActiveCfg = Release|Any CPU
		{9C2CF870-F4A3-4614-8F3F-727605E3B1A6}.Release|Any CPU.Build.0 = Release|Any CPU
		{99AC19F8-6599-4522-B69E-33B506268CB6}.Debug|Any CPU.ActiveCfg = Debug|Any CPU
		{99AC19F8-6599-4522-B69E-33B506268CB6}.Debug|Any CPU.Build.0 = Debug|Any CPU
		{99AC19F8-6599-4522-B69E-33B506268CB6}.Release|Any CPU.ActiveCfg = Release|Any CPU
		{99AC19F8-6599-4522-B69E-33B506268CB6}.Release|Any CPU.Build.0 = Release|Any CPU
	EndGlobalSection
	GlobalSection(SolutionProperties) = preSolution
		HideSolutionNode = FALSE
	EndGlobalSection
	GlobalSection(ExtensibilityGlobals) = postSolution
		SolutionGuid = {C515AA68-96C5-4899-9EB9-5AF9CF241E45}
	EndGlobalSection
EndGlobal
